
Microsoft Visual Studio Solution File, Format Version 12.00
# Visual Studio Version 16
VisualStudioVersion = 16.0.34114.132
MinimumVisualStudioVersion = 10.0.40219.1
Project("{FAE04EC0-301F-11D3-BF4B-00C04F79EFBC}") = "Project_Tasks_Class", "Project_Tasks_Class\Project_Tasks_Class.csproj", "{4BC963D5-030D-4D49-A602-797D3C42D001}"
EndProject
Global
	GlobalSection(SolutionConfigurationPlatforms) = preSolution
		Debug|Any CPU = Debug|Any CPU
		Release|Any CPU = Release|Any CPU
	EndGlobalSection
	GlobalSection(ProjectConfigurationPlatforms) = postSolution
		{4BC963D5-030D-4D49-A602-797D3C42D001}.Debug|Any CPU.ActiveCfg = Debug|Any CPU
		{4BC963D5-030D-4D49-A602-797D3C42D001}.Debug|Any CPU.Build.0 = Debug|Any CPU
		{4BC963D5-030D-4D49-A602-797D3C42D001}.Release|Any CPU.ActiveCfg = Release|Any CPU
		{4BC963D5-030D-4D49-A602-797D3C42D001}.Release|Any CPU.Build.0 = Release|Any CPU
	EndGlobalSection
	GlobalSection(SolutionProperties) = preSolution
		HideSolutionNode = FALSE
	EndGlobalSection
	GlobalSection(ExtensibilityGlobals) = postSolution
		SolutionGuid = {0230F1C0-F2D7-4B15-8BCF-E66F638D6B7F}
	EndGlobalSection
EndGlobal
